// !$*UTF8*$!
{
	archiveVersion = 1;
	classes = {
	};
	objectVersion = 56;
	objects = {

/* Begin PBXBuildFile section */
		D07C825F2B198EDA00466934 /* hktestApp.swift in Sources */ = {isa = PBXBuildFile; fileRef = D07C825E2B198EDA00466934 /* hktestApp.swift */; };
		D07C82612B198EDA00466934 /* ContentView.swift in Sources */ = {isa = PBXBuildFile; fileRef = D07C82602B198EDA00466934 /* ContentView.swift */; };
		D07C82632B198EDD00466934 /* Assets.xcassets in Resources */ = {isa = PBXBuildFile; fileRef = D07C82622B198EDD00466934 /* Assets.xcassets */; };
		D07C82662B198EDD00466934 /* Preview Assets.xcassets in Resources */ = {isa = PBXBuildFile; fileRef = D07C82652B198EDD00466934 /* Preview Assets.xcassets */; };
/* End PBXBuildFile section */

/* Begin PBXFileReference section */
		D07C825B2B198EDA00466934 /* hktest.app */ = {isa = PBXFileReference; explicitFileType = wrapper.application; includeInIndex = 0; path = hktest.app; sourceTree = BUILT_PRODUCTS_DIR; };
		D07C825E2B198EDA00466934 /* hktestApp.swift */ = {isa = PBXFileReference; lastKnownFileType = sourcecode.swift; path = hktestApp.swift; sourceTree = "<group>"; };
		D07C82602B198EDA00466934 /* ContentView.swift */ = {isa = PBXFileReference; lastKnownFileType = sourcecode.swift; path = ContentView.swift; sourceTree = "<group>"; };
		D07C82622B198EDD00466934 /* Assets.xcassets */ = {isa = PBXFileReference; lastKnownFileType = folder.assetcatalog; path = Assets.xcassets; sourceTree = "<group>"; };
		D07C82652B198EDD00466934 /* Preview Assets.xcassets */ = {isa = PBXFileReference; lastKnownFileType = folder.assetcatalog; path = "Preview Assets.xcassets"; sourceTree = "<group>"; };
		D07C826C2B198F7000466934 /* hktest.entitlements */ = {isa = PBXFileReference; lastKnownFileType = text.plist.entitlements; path = hktest.entitlements; sourceTree = "<group>"; };
/* End PBXFileReference section */

/* Begin PBXFrameworksBuildPhase section */
		D07C82582B198EDA00466934 /* Frameworks */ = {
			isa = PBXFrameworksBuildPhase;
			buildActionMask = 2147483647;
			files = (
			);
			runOnlyForDeploymentPostprocessing = 0;
		};
/* End PBXFrameworksBuildPhase section */

/* Begin PBXGroup section */
		D07C82522B198EDA00466934 = {
			isa = PBXGroup;
			children = (
				D07C825D2B198EDA00466934 /* hktest */,
				D07C825C2B198EDA00466934 /* Products */,
			);
			sourceTree = "<group>";
		};
		D07C825C2B198EDA00466934 /* Products */ = {
			isa = PBXGroup;
			children = (
				D07C825B2B198EDA00466934 /* hktest.app */,
			);
			name = Products;
			sourceTree = "<group>";
		};
		D07C825D2B198EDA00466934 /* hktest */ = {
			isa = PBXGroup;
			children = (
				D07C826C2B198F7000466934 /* hktest.entitlements */,
				D07C825E2B198EDA00466934 /* hktestApp.swift */,
				D07C82602B198EDA00466934 /* ContentView.swift */,
				D07C82622B198EDD00466934 /* Assets.xcassets */,
				D07C82642B198EDD00466934 /* Preview Content */,
			);
			path = hktest;
			sourceTree = "<group>";
		};
		D07C82642B198EDD00466934 /* Preview Content */ = {
			isa = PBXGroup;
			children = (
				D07C82652B198EDD00466934 /* Preview Assets.xcassets */,
			);
			path = "Preview Content";
			sourceTree = "<group>";
		};
/* End PBXGroup section */

/* Begin PBXNativeTarget section */
		D07C825A2B198EDA00466934 /* hktest */ = {
			isa = PBXNativeTarget;
			buildConfigurationList = D07C82692B198EDD00466934 /* Build configuration list for PBXNativeTarget "hktest" */;
			buildPhases = (
				D07C82572B198EDA00466934 /* Sources */,
				D07C82582B198EDA00466934 /* Frameworks */,
				D07C82592B198EDA00466934 /* Resources */,
			);
			buildRules = (
			);
			dependencies = (
			);
			name = hktest;
			productName = hktest;
			productReference = D07C825B2B198EDA00466934 /* hktest.app */;
			productType = "com.apple.product-type.application";
		};
/* End PBXNativeTarget section */

/* Begin PBXProject section */
		D07C82532B198EDA00466934 /* Project object */ = {
			isa = PBXProject;
			attributes = {
				BuildIndependentTargetsInParallel = 1;
				LastSwiftUpdateCheck = 1420;
				LastUpgradeCheck = 1420;
				TargetAttributes = {
					D07C825A2B198EDA00466934 = {
						CreatedOnToolsVersion = 14.2;
					};
				};
			};
			buildConfigurationList = D07C82562B198EDA00466934 /* Build configuration list for PBXProject "hktest" */;
			compatibilityVersion = "Xcode 14.0";
			developmentRegion = en;
			hasScannedForEncodings = 0;
			knownRegions = (
				en,
				Base,
			);
			mainGroup = D07C82522B198EDA00466934;
			productRefGroup = D07C825C2B198EDA00466934 /* Products */;
			projectDirPath = "";
			projectRoot = "";
			targets = (
				D07C825A2B198EDA00466934 /* hktest */,
			);
		};
/* End PBXProject section */

/* Begin PBXResourcesBuildPhase section */
		D07C82592B198EDA00466934 /* Resources */ = {
			isa = PBXResourcesBuildPhase;
			buildActionMask = 2147483647;
			files = (
				D07C82662B198EDD00466934 /* Preview Assets.xcassets in Resources */,
				D07C82632B198EDD00466934 /* Assets.xcassets in Resources */,
			);
			runOnlyForDeploymentPostprocessing = 0;
		};
/* End PBXResourcesBuildPhase section */

/* Begin PBXSourcesBuildPhase section */
		D07C82572B198EDA00466934 /* Sources */ = {
			isa = PBXSourcesBuildPhase;
			buildActionMask = 2147483647;
			files = (
				D07C82612B198EDA00466934 /* ContentView.swift in Sources */,
				D07C825F2B198EDA00466934 /* hktestApp.swift in Sources */,
			);
			runOnlyForDeploymentPostprocessing = 0;
		};
/* End PBXSourcesBuildPhase section */

/* Begin XCBuildConfiguration section */
		D07C82682B198EDD00466934 /* Release */ = {
			isa = XCBuildConfiguration;
			buildSettings = {
				ALWAYS_SEARCH_USER_PATHS = NO;
				CLANG_ANALYZER_NONNULL = YES;
				CLANG_ANALYZER_NUMBER_OBJECT_CONVERSION = YES_AGGRESSIVE;
				CLANG_CXX_LANGUAGE_STANDARD = "gnu++20";
				CLANG_ENABLE_MODULES = YES;
				CLANG_ENABLE_OBJC_ARC = YES;
				CLANG_ENABLE_OBJC_WEAK = YES;
				CLANG_WARN_BLOCK_CAPTURE_AUTORELEASING = YES;
				CLANG_WARN_BOOL_CONVERSION = YES;
				CLANG_WARN_COMMA = YES;
				CLANG_WARN_CONSTANT_CONVERSION = YES;
				CLANG_WARN_DEPRECATED_OBJC_IMPLEMENTATIONS = YES;
				CLANG_WARN_DIRECT_OBJC_ISA_USAGE = YES_ERROR;
				CLANG_WARN_DOCUMENTATION_COMMENTS = YES;
				CLANG_WARN_EMPTY_BODY = YES;
				CLANG_WARN_ENUM_CONVERSION = YES;
				CLANG_WARN_INFINITE_RECURSION = YES;
				CLANG_WARN_INT_CONVERSION = YES;
				CLANG_WARN_NON_LITERAL_NULL_CONVERSION = YES;
				CLANG_WARN_OBJC_IMPLICIT_RETAIN_SELF = YES;
				CLANG_WARN_OBJC_LITERAL_CONVERSION = YES;
				CLANG_WARN_OBJC_ROOT_CLASS = YES_ERROR;
				CLANG_WARN_QUOTED_INCLUDE_IN_FRAMEWORK_HEADER = YES;
				CLANG_WARN_RANGE_LOOP_ANALYSIS = YES;
				CLANG_WARN_STRICT_PROTOTYPES = YES;
				CLANG_WARN_SUSPICIOUS_MOVE = YES;
				CLANG_WARN_UNGUARDED_AVAILABILITY = YES_AGGRESSIVE;
				CLANG_WARN_UNREACHABLE_CODE = YES;
				CLANG_WARN__DUPLICATE_METHOD_MATCH = YES;
				CODE_SIGN_IDENTITY = "";
				COPY_PHASE_STRIP = NO;
				DEBUG_INFORMATION_FORMAT = "dwarf-with-dsym";
				ENABLE_NS_ASSERTIONS = NO;
				ENABLE_STRICT_OBJC_MSGSEND = YES;
				GCC_C_LANGUAGE_STANDARD = gnu11;
				GCC_NO_COMMON_BLOCKS = YES;
				GCC_WARN_64_TO_32_BIT_CONVERSION = YES;
				GCC_WARN_ABOUT_RETURN_TYPE = YES_ERROR;
				GCC_WARN_UNDECLARED_SELECTOR = YES;
				GCC_WARN_UNINITIALIZED_AUTOS = YES_AGGRESSIVE;
				GCC_WARN_UNUSED_FUNCTION = YES;
				GCC_WARN_UNUSED_VARIABLE = YES;
				INFOPLIST_KEY_LSApplicationCategoryType = "public.app-category.healthcare-fitness";
				INFOPLIST_KEY_NSHealthClinicalHealthRecordsShareUsageDescription = "Need this";
				INFOPLIST_KEY_NSHealthShareUsageDescription = "Need this";
				INFOPLIST_KEY_NSHealthUpdateUsageDescription = "Need this";
				IPHONEOS_DEPLOYMENT_TARGET = 14.0;
				MTL_ENABLE_DEBUG_INFO = NO;
				MTL_FAST_MATH = YES;
				SDKROOT = iphoneos;
				SWIFT_COMPILATION_MODE = wholemodule;
				SWIFT_OPTIMIZATION_LEVEL = "-O";
				VALIDATE_PRODUCT = YES;
			};
			name = Release;
		};
		D07C826B2B198EDD00466934 /* Release */ = {
			isa = XCBuildConfiguration;
			buildSettings = {
				ASSETCATALOG_COMPILER_APPICON_NAME = AppIcon;
				ASSETCATALOG_COMPILER_GLOBAL_ACCENT_COLOR_NAME = AccentColor;
				CODE_SIGN_ENTITLEMENTS = hktest/hktest.entitlements;
				CODE_SIGN_STYLE = Manual;
				CURRENT_PROJECT_VERSION = 1;
				DEVELOPMENT_ASSET_PATHS = "\"hktest/Preview Content\"";
				DEVELOPMENT_TEAM = "";
				ENABLE_PREVIEWS = YES;
				GENERATE_INFOPLIST_FILE = YES;
				INFOPLIST_KEY_NSHealthClinicalHealthRecordsShareUsageDescription = "Need this";
				INFOPLIST_KEY_NSHealthShareUsageDescription = "Need this";
				INFOPLIST_KEY_NSHealthUpdateUsageDescription = "Need this";
				INFOPLIST_KEY_UIApplicationSceneManifest_Generation = YES;
				INFOPLIST_KEY_UIApplicationSupportsIndirectInputEvents = YES;
				INFOPLIST_KEY_UILaunchScreen_Generation = YES;
				INFOPLIST_KEY_UISupportedInterfaceOrientations_iPad = "UIInterfaceOrientationPortrait UIInterfaceOrientationPortraitUpsideDown UIInterfaceOrientationLandscapeLeft UIInterfaceOrientationLandscapeRight";
				INFOPLIST_KEY_UISupportedInterfaceOrientations_iPhone = "UIInterfaceOrientationPortrait UIInterfaceOrientationLandscapeLeft UIInterfaceOrientationLandscapeRight";
				IPHONEOS_DEPLOYMENT_TARGET = 14.0;
				LD_RUNPATH_SEARCH_PATHS = (
					"$(inherited)",
					"@executable_path/Frameworks",
				);
				MARKETING_VERSION = 1.0;
				PRODUCT_BUNDLE_IDENTIFIER = anatoly.hktest;
				PRODUCT_NAME = "$(TARGET_NAME)";
				PROVISIONING_PROFILE_SPECIFIER = "";
				SUPPORTED_PLATFORMS = "iphoneos iphonesimulator";
				SUPPORTS_MACCATALYST = NO;
				SUPPORTS_MAC_DESIGNED_FOR_IPHONE_IPAD = NO;
				SWIFT_EMIT_LOC_STRINGS = YES;
				SWIFT_VERSION = 5.0;
				TARGETED_DEVICE_FAMILY = 1;
			};
			name = Release;
		};
/* End XCBuildConfiguration section */

/* Begin XCConfigurationList section */
		D07C82562B198EDA00466934 /* Build configuration list for PBXProject "hktest" */ = {
			isa = XCConfigurationList;
			buildConfigurations = (
				D07C82682B198EDD00466934 /* Release */,
			);
			defaultConfigurationIsVisible = 0;
			defaultConfigurationName = Release;
		};
		D07C82692B198EDD00466934 /* Build configuration list for PBXNativeTarget "hktest" */ = {
			isa = XCConfigurationList;
			buildConfigurations = (
				D07C826B2B198EDD00466934 /* Release */,
			);
			defaultConfigurationIsVisible = 0;
			defaultConfigurationName = Release;
		};
/* End XCConfigurationList section */
	};
	rootObject = D07C82532B198EDA00466934 /* Project object */;
}
