// !$*UTF8*$!
{
	archiveVersion = 1;
	classes = {
	};
	objectVersion = 56;
	objects = {

/* Begin PBXBuildFile section */
		D047E0062B05CB0800C842EE /* Test5App.swift in Sources */ = {isa = PBXBuildFile; fileRef = D047E0052B05CB0800C842EE /* Test5App.swift */; };
		D047E0082B05CB0800C842EE /* ContentView.swift in Sources */ = {isa = PBXBuildFile; fileRef = D047E0072B05CB0800C842EE /* ContentView.swift */; };
		D047E00A2B05CB0B00C842EE /* Assets.xcassets in Resources */ = {isa = PBXBuildFile; fileRef = D047E0092B05CB0B00C842EE /* Assets.xcassets */; };
		D0600DAC2B06A5C600855A40 /* FirebaseFirestoreSwift in Frameworks */ = {isa = PBXBuildFile; productRef = D0600DAB2B06A5C600855A40 /* FirebaseFirestoreSwift */; };
		D0600DB82B092E4500855A40 /* LocationManager.swift in Sources */ = {isa = PBXBuildFile; fileRef = D0600DB72B092E4500855A40 /* LocationManager.swift */; };
		D0600DBB2B0A93FB00855A40 /* AccelerationManager.swift in Sources */ = {isa = PBXBuildFile; fileRef = D0600DBA2B0A93FA00855A40 /* AccelerationManager.swift */; };
		D0600DBD2B0A983300855A40 /* FirestoreManager.swift in Sources */ = {isa = PBXBuildFile; fileRef = D0600DBC2B0A983300855A40 /* FirestoreManager.swift */; };
		D08ED4122B2031AB003B1199 /* GoogleService-Info.plist in Resources */ = {isa = PBXBuildFile; fileRef = D08ED4112B2031AA003B1199 /* GoogleService-Info.plist */; };
/* End PBXBuildFile section */

/* Begin PBXFileReference section */
		D047E0022B05CB0800C842EE /* Test5.app */ = {isa = PBXFileReference; explicitFileType = wrapper.application; includeInIndex = 0; path = Test5.app; sourceTree = BUILT_PRODUCTS_DIR; };
		D047E0052B05CB0800C842EE /* Test5App.swift */ = {isa = PBXFileReference; lastKnownFileType = sourcecode.swift; path = Test5App.swift; sourceTree = "<group>"; };
		D047E0072B05CB0800C842EE /* ContentView.swift */ = {isa = PBXFileReference; lastKnownFileType = sourcecode.swift; path = ContentView.swift; sourceTree = "<group>"; };
		D047E0092B05CB0B00C842EE /* Assets.xcassets */ = {isa = PBXFileReference; lastKnownFileType = folder.assetcatalog; path = Assets.xcassets; sourceTree = "<group>"; };
		D0600DB72B092E4500855A40 /* LocationManager.swift */ = {isa = PBXFileReference; lastKnownFileType = sourcecode.swift; path = LocationManager.swift; sourceTree = "<group>"; };
		D0600DB92B0939CC00855A40 /* Info.plist */ = {isa = PBXFileReference; lastKnownFileType = text.plist; path = Info.plist; sourceTree = "<group>"; };
		D0600DBA2B0A93FA00855A40 /* AccelerationManager.swift */ = {isa = PBXFileReference; lastKnownFileType = sourcecode.swift; path = AccelerationManager.swift; sourceTree = "<group>"; };
		D0600DBC2B0A983300855A40 /* FirestoreManager.swift */ = {isa = PBXFileReference; lastKnownFileType = sourcecode.swift; path = FirestoreManager.swift; sourceTree = "<group>"; };
		D066FB832B1593D200C42940 /* Test5Release.entitlements */ = {isa = PBXFileReference; lastKnownFileType = text.plist.entitlements; path = Test5Release.entitlements; sourceTree = "<group>"; };
		D08ED4112B2031AA003B1199 /* GoogleService-Info.plist */ = {isa = PBXFileReference; fileEncoding = 4; lastKnownFileType = text.plist.xml; path = "GoogleService-Info.plist"; sourceTree = "<group>"; };
/* End PBXFileReference section */

/* Begin PBXFrameworksBuildPhase section */
		D047DFFF2B05CB0800C842EE /* Frameworks */ = {
			isa = PBXFrameworksBuildPhase;
			buildActionMask = 2147483647;
			files = (
				D0600DAC2B06A5C600855A40 /* FirebaseFirestoreSwift in Frameworks */,
			);
			runOnlyForDeploymentPostprocessing = 0;
		};
/* End PBXFrameworksBuildPhase section */

/* Begin PBXGroup section */
		D047DFF92B05CB0800C842EE = {
			isa = PBXGroup;
			children = (
				D047E0042B05CB0800C842EE /* Test5 */,
				D047E0032B05CB0800C842EE /* Products */,
			);
			sourceTree = "<group>";
		};
		D047E0032B05CB0800C842EE /* Products */ = {
			isa = PBXGroup;
			children = (
				D047E0022B05CB0800C842EE /* Test5.app */,
			);
			name = Products;
			sourceTree = "<group>";
		};
		D047E0042B05CB0800C842EE /* Test5 */ = {
			isa = PBXGroup;
			children = (
				D08ED4112B2031AA003B1199 /* GoogleService-Info.plist */,
				D066FB832B1593D200C42940 /* Test5Release.entitlements */,
				D0600DB92B0939CC00855A40 /* Info.plist */,
				D047E0052B05CB0800C842EE /* Test5App.swift */,
				D047E0072B05CB0800C842EE /* ContentView.swift */,
				D047E0092B05CB0B00C842EE /* Assets.xcassets */,
				D0600DB72B092E4500855A40 /* LocationManager.swift */,
				D0600DBA2B0A93FA00855A40 /* AccelerationManager.swift */,
				D0600DBC2B0A983300855A40 /* FirestoreManager.swift */,
			);
			path = Test5;
			sourceTree = "<group>";
		};
/* End PBXGroup section */

/* Begin PBXNativeTarget section */
		D047E0012B05CB0800C842EE /* Test5 */ = {
			isa = PBXNativeTarget;
			buildConfigurationList = D047E0102B05CB0B00C842EE /* Build configuration list for PBXNativeTarget "Test5" */;
			buildPhases = (
				D047DFFE2B05CB0800C842EE /* Sources */,
				D047DFFF2B05CB0800C842EE /* Frameworks */,
				D047E0002B05CB0800C842EE /* Resources */,
			);
			buildRules = (
			);
			dependencies = (
			);
			name = Test5;
			packageProductDependencies = (
				D0600DAB2B06A5C600855A40 /* FirebaseFirestoreSwift */,
			);
			productName = Test5;
			productReference = D047E0022B05CB0800C842EE /* Test5.app */;
			productType = "com.apple.product-type.application";
		};
/* End PBXNativeTarget section */

/* Begin PBXProject section */
		D047DFFA2B05CB0800C842EE /* Project object */ = {
			isa = PBXProject;
			attributes = {
				BuildIndependentTargetsInParallel = 1;
				LastSwiftUpdateCheck = 1420;
				LastUpgradeCheck = 1420;
				TargetAttributes = {
					D047E0012B05CB0800C842EE = {
						CreatedOnToolsVersion = 14.2;
					};
				};
			};
			buildConfigurationList = D047DFFD2B05CB0800C842EE /* Build configuration list for PBXProject "Test5" */;
			compatibilityVersion = "Xcode 14.0";
			developmentRegion = en;
			hasScannedForEncodings = 0;
			knownRegions = (
				en,
				Base,
			);
			mainGroup = D047DFF92B05CB0800C842EE;
			packageReferences = (
				D0600DAA2B06A5C600855A40 /* XCRemoteSwiftPackageReference "firebase-ios-sdk" */,
			);
			productRefGroup = D047E0032B05CB0800C842EE /* Products */;
			projectDirPath = "";
			projectRoot = "";
			targets = (
				D047E0012B05CB0800C842EE /* Test5 */,
			);
		};
/* End PBXProject section */

/* Begin PBXResourcesBuildPhase section */
		D047E0002B05CB0800C842EE /* Resources */ = {
			isa = PBXResourcesBuildPhase;
			buildActionMask = 2147483647;
			files = (
				D047E00A2B05CB0B00C842EE /* Assets.xcassets in Resources */,
				D08ED4122B2031AB003B1199 /* GoogleService-Info.plist in Resources */,
			);
			runOnlyForDeploymentPostprocessing = 0;
		};
/* End PBXResourcesBuildPhase section */

/* Begin PBXSourcesBuildPhase section */
		D047DFFE2B05CB0800C842EE /* Sources */ = {
			isa = PBXSourcesBuildPhase;
			buildActionMask = 2147483647;
			files = (
				D047E0082B05CB0800C842EE /* ContentView.swift in Sources */,
				D0600DBD2B0A983300855A40 /* FirestoreManager.swift in Sources */,
				D0600DBB2B0A93FB00855A40 /* AccelerationManager.swift in Sources */,
				D047E0062B05CB0800C842EE /* Test5App.swift in Sources */,
				D0600DB82B092E4500855A40 /* LocationManager.swift in Sources */,
			);
			runOnlyForDeploymentPostprocessing = 0;
		};
/* End PBXSourcesBuildPhase section */

/* Begin XCBuildConfiguration section */
		D047E00F2B05CB0B00C842EE /* Release */ = {
			isa = XCBuildConfiguration;
			buildSettings = {
				ALWAYS_SEARCH_USER_PATHS = NO;
				CLANG_ANALYZER_NONNULL = YES;
				CLANG_ANALYZER_NUMBER_OBJECT_CONVERSION = YES_AGGRESSIVE;
				CLANG_CXX_LANGUAGE_STANDARD = "gnu++20";
				CLANG_ENABLE_MODULES = YES;
				CLANG_ENABLE_OBJC_ARC = YES;
				CLANG_ENABLE_OBJC_WEAK = YES;
				CLANG_WARN_BLOCK_CAPTURE_AUTORELEASING = YES;
				CLANG_WARN_BOOL_CONVERSION = YES;
				CLANG_WARN_COMMA = YES;
				CLANG_WARN_CONSTANT_CONVERSION = YES;
				CLANG_WARN_DEPRECATED_OBJC_IMPLEMENTATIONS = YES;
				CLANG_WARN_DIRECT_OBJC_ISA_USAGE = YES_ERROR;
				CLANG_WARN_DOCUMENTATION_COMMENTS = YES;
				CLANG_WARN_EMPTY_BODY = YES;
				CLANG_WARN_ENUM_CONVERSION = YES;
				CLANG_WARN_INFINITE_RECURSION = YES;
				CLANG_WARN_INT_CONVERSION = YES;
				CLANG_WARN_NON_LITERAL_NULL_CONVERSION = YES;
				CLANG_WARN_OBJC_IMPLICIT_RETAIN_SELF = YES;
				CLANG_WARN_OBJC_LITERAL_CONVERSION = YES;
				CLANG_WARN_OBJC_ROOT_CLASS = YES_ERROR;
				CLANG_WARN_QUOTED_INCLUDE_IN_FRAMEWORK_HEADER = YES;
				CLANG_WARN_RANGE_LOOP_ANALYSIS = YES;
				CLANG_WARN_STRICT_PROTOTYPES = YES;
				CLANG_WARN_SUSPICIOUS_MOVE = YES;
				CLANG_WARN_UNGUARDED_AVAILABILITY = YES_AGGRESSIVE;
				CLANG_WARN_UNREACHABLE_CODE = YES;
				CLANG_WARN__DUPLICATE_METHOD_MATCH = YES;
				CODE_SIGN_IDENTITY = "";
				COPY_PHASE_STRIP = YES;
				DEBUG_INFORMATION_FORMAT = "dwarf-with-dsym";
				ENABLE_NS_ASSERTIONS = NO;
				ENABLE_STRICT_OBJC_MSGSEND = YES;
				GCC_C_LANGUAGE_STANDARD = gnu11;
				GCC_NO_COMMON_BLOCKS = YES;
				GCC_WARN_64_TO_32_BIT_CONVERSION = YES;
				GCC_WARN_ABOUT_RETURN_TYPE = YES_ERROR;
				GCC_WARN_UNDECLARED_SELECTOR = YES;
				GCC_WARN_UNINITIALIZED_AUTOS = YES_AGGRESSIVE;
				GCC_WARN_UNUSED_FUNCTION = YES;
				GCC_WARN_UNUSED_VARIABLE = YES;
				INFOPLIST_KEY_NSMotionUsageDescription = "Need to use Motion";
				IPHONEOS_DEPLOYMENT_TARGET = 14.0;
				MTL_ENABLE_DEBUG_INFO = NO;
				MTL_FAST_MATH = YES;
				PRODUCT_NAME = "";
				SDKROOT = iphoneos;
				SWIFT_COMPILATION_MODE = wholemodule;
				SWIFT_OPTIMIZATION_LEVEL = "-O";
				VALIDATE_PRODUCT = YES;
			};
			name = Release;
		};
		D047E0122B05CB0B00C842EE /* Release */ = {
			isa = XCBuildConfiguration;
			buildSettings = {
				ASSETCATALOG_COMPILER_APPICON_NAME = AppIcon;
				ASSETCATALOG_COMPILER_GLOBAL_ACCENT_COLOR_NAME = AccentColor;
				CODE_SIGN_ENTITLEMENTS = Test5/Test5Release.entitlements;
				CODE_SIGN_STYLE = Manual;
				CURRENT_PROJECT_VERSION = 1;
				DEVELOPMENT_ASSET_PATHS = "";
				DEVELOPMENT_TEAM = "";
				ENABLE_PREVIEWS = NO;
				GENERATE_INFOPLIST_FILE = YES;
				INFOPLIST_FILE = Test5/Info.plist;
				INFOPLIST_KEY_CFBundleDisplayName = WalkTrack;
				INFOPLIST_KEY_LSApplicationCategoryType = "";
				INFOPLIST_KEY_NSHealthShareUsageDescription = "NEED IT";
				INFOPLIST_KEY_NSHealthUpdateUsageDescription = "NEED IT";
				INFOPLIST_KEY_NSLocationAlwaysAndWhenInUseUsageDescription = "Requesting Location Always and When in Use";
				INFOPLIST_KEY_NSLocationAlwaysUsageDescription = "Requesting Location Always";
				INFOPLIST_KEY_NSLocationUsageDescription = "";
				INFOPLIST_KEY_NSLocationWhenInUseUsageDescription = "Requesting Location When in Use";
				INFOPLIST_KEY_NSMotionUsageDescription = YES;
				INFOPLIST_KEY_UIApplicationSceneManifest_Generation = YES;
				INFOPLIST_KEY_UIApplicationSupportsIndirectInputEvents = YES;
				INFOPLIST_KEY_UILaunchScreen_Generation = YES;
				INFOPLIST_KEY_UISupportedInterfaceOrientations_iPad = "UIInterfaceOrientationPortrait UIInterfaceOrientationPortraitUpsideDown UIInterfaceOrientationLandscapeLeft UIInterfaceOrientationLandscapeRight";
				INFOPLIST_KEY_UISupportedInterfaceOrientations_iPhone = "UIInterfaceOrientationPortrait UIInterfaceOrientationLandscapeLeft UIInterfaceOrientationLandscapeRight";
				IPHONEOS_DEPLOYMENT_TARGET = 14.0;
				LD_RUNPATH_SEARCH_PATHS = (
					"$(inherited)",
					"@executable_path/Frameworks",
				);
				MARKETING_VERSION = 1.0;
				PRODUCT_BUNDLE_IDENTIFIER = WalkTrack;
				PRODUCT_NAME = "$(TARGET_NAME)";
				PROVISIONING_PROFILE_SPECIFIER = "";
				SUPPORTED_PLATFORMS = "iphoneos iphonesimulator";
				SUPPORTS_MACCATALYST = NO;
				SUPPORTS_MAC_DESIGNED_FOR_IPHONE_IPAD = NO;
				SWIFT_EMIT_LOC_STRINGS = YES;
				SWIFT_VERSION = 5.0;
				TARGETED_DEVICE_FAMILY = 1;
			};
			name = Release;
		};
/* End XCBuildConfiguration section */

/* Begin XCConfigurationList section */
		D047DFFD2B05CB0800C842EE /* Build configuration list for PBXProject "Test5" */ = {
			isa = XCConfigurationList;
			buildConfigurations = (
				D047E00F2B05CB0B00C842EE /* Release */,
			);
			defaultConfigurationIsVisible = 0;
			defaultConfigurationName = Release;
		};
		D047E0102B05CB0B00C842EE /* Build configuration list for PBXNativeTarget "Test5" */ = {
			isa = XCConfigurationList;
			buildConfigurations = (
				D047E0122B05CB0B00C842EE /* Release */,
			);
			defaultConfigurationIsVisible = 0;
			defaultConfigurationName = Release;
		};
/* End XCConfigurationList section */

/* Begin XCRemoteSwiftPackageReference section */
		D0600DAA2B06A5C600855A40 /* XCRemoteSwiftPackageReference "firebase-ios-sdk" */ = {
			isa = XCRemoteSwiftPackageReference;
			repositoryURL = "https://github.com/firebase/firebase-ios-sdk";
			requirement = {
				kind = upToNextMajorVersion;
				minimumVersion = 9.0.0;
			};
		};
/* End XCRemoteSwiftPackageReference section */

/* Begin XCSwiftPackageProductDependency section */
		D0600DAB2B06A5C600855A40 /* FirebaseFirestoreSwift */ = {
			isa = XCSwiftPackageProductDependency;
			package = D0600DAA2B06A5C600855A40 /* XCRemoteSwiftPackageReference "firebase-ios-sdk" */;
			productName = FirebaseFirestoreSwift;
		};
/* End XCSwiftPackageProductDependency section */
	};
	rootObject = D047DFFA2B05CB0800C842EE /* Project object */;
}
